
Microsoft Visual Studio Solution File, Format Version 12.00
# Visual Studio Version 17
VisualStudioVersion = 17.0.31521.260
MinimumVisualStudioVersion = 10.0.40219.1
Project("{FAE04EC0-301F-11D3-BF4B-00C04F79EFBC}") = "activation1", "activation1.csproj", "{097F3702-4CA0-4633-90E0-9DAE2406C6CE}"
EndProject
Global
	GlobalSection(SolutionConfigurationPlatforms) = preSolution
		Debug|Any CPU = Debug|Any CPU
		Release|Any CPU = Release|Any CPU
	EndGlobalSection
	GlobalSection(ProjectConfigurationPlatforms) = postSolution
		{097F3702-4CA0-4633-90E0-9DAE2406C6CE}.Debug|Any CPU.ActiveCfg = Debug|Any CPU
		{097F3702-4CA0-4633-90E0-9DAE2406C6CE}.Debug|Any CPU.Build.0 = Debug|Any CPU
		{097F3702-4CA0-4633-90E0-9DAE2406C6CE}.Release|Any CPU.ActiveCfg = Release|Any CPU
		{097F3702-4CA0-4633-90E0-9DAE2406C6CE}.Release|Any CPU.Build.0 = Release|Any CPU
	EndGlobalSection
	GlobalSection(SolutionProperties) = preSolution
		HideSolutionNode = FALSE
	EndGlobalSection
	GlobalSection(ExtensibilityGlobals) = postSolution
		SolutionGuid = {76DCDE09-5484-46AD-A9B0-3A6B64627173}
	EndGlobalSection
EndGlobal
